
Microsoft Visual Studio Solution File, Format Version 12.00
# Visual Studio Version 17
VisualStudioVersion = 17.0.31903.59
MinimumVisualStudioVersion = 10.0.40219.1
Project("{FAE04EC0-301F-11D3-BF4B-00C04F79EFBC}") = "Calculadora", "Calculadora\Calculadora.csproj", "{2B39397C-F1AE-4165-9C82-BCAA49B52DB9}"
EndProject
Project("{FAE04EC0-301F-11D3-BF4B-00C04F79EFBC}") = "CalculadoraTeste", "CalculadoraTeste\CalculadoraTeste.csproj", "{7CEA26FC-ED05-4A04-B0C4-E549562588B2}"
EndProject
Global
	GlobalSection(SolutionConfigurationPlatforms) = preSolution
		Debug|Any CPU = Debug|Any CPU
		Release|Any CPU = Release|Any CPU
	EndGlobalSection
	GlobalSection(SolutionProperties) = preSolution
		HideSolutionNode = FALSE
	EndGlobalSection
	GlobalSection(ProjectConfigurationPlatforms) = postSolution
		{2B39397C-F1AE-4165-9C82-BCAA49B52DB9}.Debug|Any CPU.ActiveCfg = Debug|Any CPU
		{2B39397C-F1AE-4165-9C82-BCAA49B52DB9}.Debug|Any CPU.Build.0 = Debug|Any CPU
		{2B39397C-F1AE-4165-9C82-BCAA49B52DB9}.Release|Any CPU.ActiveCfg = Release|Any CPU
		{2B39397C-F1AE-4165-9C82-BCAA49B52DB9}.Release|Any CPU.Build.0 = Release|Any CPU
		{7CEA26FC-ED05-4A04-B0C4-E549562588B2}.Debug|Any CPU.ActiveCfg = Debug|Any CPU
		{7CEA26FC-ED05-4A04-B0C4-E549562588B2}.Debug|Any CPU.Build.0 = Debug|Any CPU
		{7CEA26FC-ED05-4A04-B0C4-E549562588B2}.Release|Any CPU.ActiveCfg = Release|Any CPU
		{7CEA26FC-ED05-4A04-B0C4-E549562588B2}.Release|Any CPU.Build.0 = Release|Any CPU
	EndGlobalSection
EndGlobal
